// !$*UTF8*$!
{
	archiveVersion = 1;
	classes = {
	};
	objectVersion = 77;
	objects = {

/* Begin PBXBuildFile section */
		921A7FB12F8800D3000CF7B9 /* Pods_MapboxVelocity.framework in Frameworks */ = {isa = PBXBuildFile; fileRef = 5CE63DCC1989F8DE09411736 /* Pods_MapboxVelocity.framework */; };
		921A7FB22F8800D3000CF7B9 /* Pods_MapboxVelocity.framework in Embed Frameworks */ = {isa = PBXBuildFile; fileRef = 5CE63DCC1989F8DE09411736 /* Pods_MapboxVelocity.framework */; settings = {ATTRIBUTES = (CodeSignOnCopy, RemoveHeadersOnCopy, ); }; };
		92B0E1E72F9949C600AEF59D /* Secrets.xcconfig in Resources */ = {isa = PBXBuildFile; fileRef = 92B0E1E62F9949C600AEF59D /* Secrets.xcconfig */; };
		A2CACD308CFF3A9FDEC5C030 /* Pods_MapboxVelocityTests.framework in Frameworks */ = {isa = PBXBuildFile; fileRef = 968D043D4F76F07B02A5731B /* Pods_MapboxVelocityTests.framework */; };
		B2EAE6419C6E9037A8F662CD /* Pods_MapboxVelocity_MapboxVelocityUITests.framework in Frameworks */ = {isa = PBXBuildFile; fileRef = 2301FA7E910A56DD2A6DE85E /* Pods_MapboxVelocity_MapboxVelocityUITests.framework */; };
/* End PBXBuildFile section */

/* Begin PBXContainerItemProxy section */
		922F585C2F7D49B1004903D9 /* PBXContainerItemProxy */ = {
			isa = PBXContainerItemProxy;
			containerPortal = 922F583D2F7D49AE004903D9 /* Project object */;
			proxyType = 1;
			remoteGlobalIDString = 922F58442F7D49AE004903D9;
			remoteInfo = MapboxVelocity;
		};
		922F58662F7D49B1004903D9 /* PBXContainerItemProxy */ = {
			isa = PBXContainerItemProxy;
			containerPortal = 922F583D2F7D49AE004903D9 /* Project object */;
			proxyType = 1;
			remoteGlobalIDString = 922F58442F7D49AE004903D9;
			remoteInfo = MapboxVelocity;
		};
/* End PBXContainerItemProxy section */

/* Begin PBXCopyFilesBuildPhase section */
		921A7FB32F8800D3000CF7B9 /* Embed Frameworks */ = {
			isa = PBXCopyFilesBuildPhase;
			buildActionMask = 2147483647;
			dstPath = "";
			dstSubfolderSpec = 10;
			files = (
				921A7FB22F8800D3000CF7B9 /* Pods_MapboxVelocity.framework in Embed Frameworks */,
			);
			name = "Embed Frameworks";
			runOnlyForDeploymentPostprocessing = 0;
		};
/* End PBXCopyFilesBuildPhase section */

/* Begin PBXFileReference section */
		1CE6606EA7D69F2507187939 /* Pods-MapboxVelocityTests.release.xcconfig */ = {isa = PBXFileReference; includeInIndex = 1; lastKnownFileType = text.xcconfig; name = "Pods-MapboxVelocityTests.release.xcconfig"; path = "Target Support Files/Pods-MapboxVelocityTests/Pods-MapboxVelocityTests.release.xcconfig"; sourceTree = "<group>"; };
		222F1FF9657A67B5F36481A8 /* Pods-MapboxVelocity-MapboxVelocityUITests.debug.xcconfig */ = {isa = PBXFileReference; includeInIndex = 1; lastKnownFileType = text.xcconfig; name = "Pods-MapboxVelocity-MapboxVelocityUITests.debug.xcconfig"; path = "Target Support Files/Pods-MapboxVelocity-MapboxVelocityUITests/Pods-MapboxVelocity-MapboxVelocityUITests.debug.xcconfig"; sourceTree = "<group>"; };
		2301FA7E910A56DD2A6DE85E /* Pods_MapboxVelocity_MapboxVelocityUITests.framework */ = {isa = PBXFileReference; explicitFileType = wrapper.framework; includeInIndex = 0; path = Pods_MapboxVelocity_MapboxVelocityUITests.framework; sourceTree = BUILT_PRODUCTS_DIR; };
		5CE63DCC1989F8DE09411736 /* Pods_MapboxVelocity.framework */ = {isa = PBXFileReference; explicitFileType = wrapper.framework; includeInIndex = 0; path = Pods_MapboxVelocity.framework; sourceTree = BUILT_PRODUCTS_DIR; };
		7A21720C639A630C26288458 /* Pods-MapboxVelocity.debug.xcconfig */ = {isa = PBXFileReference; includeInIndex = 1; lastKnownFileType = text.xcconfig; name = "Pods-MapboxVelocity.debug.xcconfig"; path = "Target Support Files/Pods-MapboxVelocity/Pods-MapboxVelocity.debug.xcconfig"; sourceTree = "<group>"; };
		8D0D70EBC8EFDC841A16E82A /* Pods-MapboxVelocityTests.debug.xcconfig */ = {isa = PBXFileReference; includeInIndex = 1; lastKnownFileType = text.xcconfig; name = "Pods-MapboxVelocityTests.debug.xcconfig"; path = "Target Support Files/Pods-MapboxVelocityTests/Pods-MapboxVelocityTests.debug.xcconfig"; sourceTree = "<group>"; };
		922F58452F7D49AE004903D9 /* MapboxVelocity.app */ = {isa = PBXFileReference; explicitFileType = wrapper.application; includeInIndex = 0; path = MapboxVelocity.app; sourceTree = BUILT_PRODUCTS_DIR; };
		922F585B2F7D49B1004903D9 /* MapboxVelocityTests.xctest */ = {isa = PBXFileReference; explicitFileType = wrapper.cfbundle; includeInIndex = 0; path = MapboxVelocityTests.xctest; sourceTree = BUILT_PRODUCTS_DIR; };
		922F58652F7D49B1004903D9 /* MapboxVelocityUITests.xctest */ = {isa = PBXFileReference; explicitFileType = wrapper.cfbundle; includeInIndex = 0; path = MapboxVelocityUITests.xctest; sourceTree = BUILT_PRODUCTS_DIR; };
		92B0E1E62F9949C600AEF59D /* Secrets.xcconfig */ = {isa = PBXFileReference; lastKnownFileType = text.xcconfig; path = Secrets.xcconfig; sourceTree = "<group>"; };
		968D043D4F76F07B02A5731B /* Pods_MapboxVelocityTests.framework */ = {isa = PBXFileReference; explicitFileType = wrapper.framework; includeInIndex = 0; path = Pods_MapboxVelocityTests.framework; sourceTree = BUILT_PRODUCTS_DIR; };
		BF96C33E8265215E486F5F4B /* Pods-MapboxVelocity.release.xcconfig */ = {isa = PBXFileReference; includeInIndex = 1; lastKnownFileType = text.xcconfig; name = "Pods-MapboxVelocity.release.xcconfig"; path = "Target Support Files/Pods-MapboxVelocity/Pods-MapboxVelocity.release.xcconfig"; sourceTree = "<group>"; };
		CA09D70762480900C1A394CE /* Pods-MapboxVelocity-MapboxVelocityUITests.release.xcconfig */ = {isa = PBXFileReference; includeInIndex = 1; lastKnownFileType = text.xcconfig; name = "Pods-MapboxVelocity-MapboxVelocityUITests.release.xcconfig"; path = "Target Support Files/Pods-MapboxVelocity-MapboxVelocityUITests/Pods-MapboxVelocity-MapboxVelocityUITests.release.xcconfig"; sourceTree = "<group>"; };
/* End PBXFileReference section */

/* Begin PBXFileSystemSynchronizedBuildFileExceptionSet section */
		922F586D2F7D49B2004903D9 /* Exceptions for "MapboxVelocity" folder in "MapboxVelocity" target */ = {
			isa = PBXFileSystemSynchronizedBuildFileExceptionSet;
			membershipExceptions = (
				Resources/Info.plist,
			);
			target = 922F58442F7D49AE004903D9 /* MapboxVelocity */;
		};
/* End PBXFileSystemSynchronizedBuildFileExceptionSet section */

/* Begin PBXFileSystemSynchronizedRootGroup section */
		922F58472F7D49AE004903D9 /* MapboxVelocity */ = {
			isa = PBXFileSystemSynchronizedRootGroup;
			exceptions = (
				922F586D2F7D49B2004903D9 /* Exceptions for "MapboxVelocity" folder in "MapboxVelocity" target */,
			);
			path = MapboxVelocity;
			sourceTree = "<group>";
		};
		922F585E2F7D49B1004903D9 /* MapboxVelocityTests */ = {
			isa = PBXFileSystemSynchronizedRootGroup;
			path = MapboxVelocityTests;
			sourceTree = "<group>";
		};
		922F58682F7D49B1004903D9 /* MapboxVelocityUITests */ = {
			isa = PBXFileSystemSynchronizedRootGroup;
			path = MapboxVelocityUITests;
			sourceTree = "<group>";
		};
/* End PBXFileSystemSynchronizedRootGroup section */

/* Begin PBXFrameworksBuildPhase section */
		922F58422F7D49AE004903D9 /* Frameworks */ = {
			isa = PBXFrameworksBuildPhase;
			buildActionMask = 2147483647;
			files = (
				921A7FB12F8800D3000CF7B9 /* Pods_MapboxVelocity.framework in Frameworks */,
			);
			runOnlyForDeploymentPostprocessing = 0;
		};
		922F58582F7D49B1004903D9 /* Frameworks */ = {
			isa = PBXFrameworksBuildPhase;
			buildActionMask = 2147483647;
			files = (
				A2CACD308CFF3A9FDEC5C030 /* Pods_MapboxVelocityTests.framework in Frameworks */,
			);
			runOnlyForDeploymentPostprocessing = 0;
		};
		922F58622F7D49B1004903D9 /* Frameworks */ = {
			isa = PBXFrameworksBuildPhase;
			buildActionMask = 2147483647;
			files = (
				B2EAE6419C6E9037A8F662CD /* Pods_MapboxVelocity_MapboxVelocityUITests.framework in Frameworks */,
			);
			runOnlyForDeploymentPostprocessing = 0;
		};
/* End PBXFrameworksBuildPhase section */

/* Begin PBXGroup section */
		922F583C2F7D49AE004903D9 = {
			isa = PBXGroup;
			children = (
				922F58472F7D49AE004903D9 /* MapboxVelocity */,
				922F585E2F7D49B1004903D9 /* MapboxVelocityTests */,
				922F58682F7D49B1004903D9 /* MapboxVelocityUITests */,
				922F58462F7D49AE004903D9 /* Products */,
				B92B723D45316689FFE8DF0C /* Pods */,
				A26D0B24C4FFAED77DEF8B8D /* Frameworks */,
				92B0E1E62F9949C600AEF59D /* Secrets.xcconfig */,
			);
			sourceTree = "<group>";
		};
		922F58462F7D49AE004903D9 /* Products */ = {
			isa = PBXGroup;
			children = (
				922F58452F7D49AE004903D9 /* MapboxVelocity.app */,
				922F585B2F7D49B1004903D9 /* MapboxVelocityTests.xctest */,
				922F58652F7D49B1004903D9 /* MapboxVelocityUITests.xctest */,
			);
			name = Products;
			sourceTree = "<group>";
		};
		A26D0B24C4FFAED77DEF8B8D /* Frameworks */ = {
			isa = PBXGroup;
			children = (
				5CE63DCC1989F8DE09411736 /* Pods_MapboxVelocity.framework */,
				2301FA7E910A56DD2A6DE85E /* Pods_MapboxVelocity_MapboxVelocityUITests.framework */,
				968D043D4F76F07B02A5731B /* Pods_MapboxVelocityTests.framework */,
			);
			name = Frameworks;
			sourceTree = "<group>";
		};
		B92B723D45316689FFE8DF0C /* Pods */ = {
			isa = PBXGroup;
			children = (
				7A21720C639A630C26288458 /* Pods-MapboxVelocity.debug.xcconfig */,
				BF96C33E8265215E486F5F4B /* Pods-MapboxVelocity.release.xcconfig */,
				222F1FF9657A67B5F36481A8 /* Pods-MapboxVelocity-MapboxVelocityUITests.debug.xcconfig */,
				CA09D70762480900C1A394CE /* Pods-MapboxVelocity-MapboxVelocityUITests.release.xcconfig */,
				8D0D70EBC8EFDC841A16E82A /* Pods-MapboxVelocityTests.debug.xcconfig */,
				1CE6606EA7D69F2507187939 /* Pods-MapboxVelocityTests.release.xcconfig */,
			);
			path = Pods;
			sourceTree = "<group>";
		};
/* End PBXGroup section */

/* Begin PBXNativeTarget section */
		922F58442F7D49AE004903D9 /* MapboxVelocity */ = {
			isa = PBXNativeTarget;
			buildConfigurationList = 922F586E2F7D49B2004903D9 /* Build configuration list for PBXNativeTarget "MapboxVelocity" */;
			buildPhases = (
				23718A343C0369F61520F9A2 /* [CP] Check Pods Manifest.lock */,
				922F58412F7D49AE004903D9 /* Sources */,
				922F58422F7D49AE004903D9 /* Frameworks */,
				922F58432F7D49AE004903D9 /* Resources */,
				D38BDF7A5B5397135951A2BA /* [CP] Embed Pods Frameworks */,
				921A7FB32F8800D3000CF7B9 /* Embed Frameworks */,
			);
			buildRules = (
			);
			dependencies = (
			);
			fileSystemSynchronizedGroups = (
				922F58472F7D49AE004903D9 /* MapboxVelocity */,
			);
			name = MapboxVelocity;
			productName = MapboxVelocity;
			productReference = 922F58452F7D49AE004903D9 /* MapboxVelocity.app */;
			productType = "com.apple.product-type.application";
		};
		922F585A2F7D49B1004903D9 /* MapboxVelocityTests */ = {
			isa = PBXNativeTarget;
			buildConfigurationList = 922F58732F7D49B2004903D9 /* Build configuration list for PBXNativeTarget "MapboxVelocityTests" */;
			buildPhases = (
				85791ACEDE021DCC55BB6503 /* [CP] Check Pods Manifest.lock */,
				922F58572F7D49B1004903D9 /* Sources */,
				922F58582F7D49B1004903D9 /* Frameworks */,
				922F58592F7D49B1004903D9 /* Resources */,
			);
			buildRules = (
			);
			dependencies = (
				922F585D2F7D49B1004903D9 /* PBXTargetDependency */,
			);
			fileSystemSynchronizedGroups = (
				922F585E2F7D49B1004903D9 /* MapboxVelocityTests */,
			);
			name = MapboxVelocityTests;
			productName = MapboxVelocityTests;
			productReference = 922F585B2F7D49B1004903D9 /* MapboxVelocityTests.xctest */;
			productType = "com.apple.product-type.bundle.unit-test";
		};
		922F58642F7D49B1004903D9 /* MapboxVelocityUITests */ = {
			isa = PBXNativeTarget;
			buildConfigurationList = 922F58762F7D49B2004903D9 /* Build configuration list for PBXNativeTarget "MapboxVelocityUITests" */;
			buildPhases = (
				F7FECC1EBE322EB671116573 /* [CP] Check Pods Manifest.lock */,
				922F58612F7D49B1004903D9 /* Sources */,
				922F58622F7D49B1004903D9 /* Frameworks */,
				922F58632F7D49B1004903D9 /* Resources */,
				18583D2B0569EF2F385FAB9C /* [CP] Embed Pods Frameworks */,
			);
			buildRules = (
			);
			dependencies = (
				922F58672F7D49B1004903D9 /* PBXTargetDependency */,
			);
			fileSystemSynchronizedGroups = (
				922F58682F7D49B1004903D9 /* MapboxVelocityUITests */,
			);
			name = MapboxVelocityUITests;
			productName = MapboxVelocityUITests;
			productReference = 922F58652F7D49B1004903D9 /* MapboxVelocityUITests.xctest */;
			productType = "com.apple.product-type.bundle.ui-testing";
		};
/* End PBXNativeTarget section */

/* Begin PBXProject section */
		922F583D2F7D49AE004903D9 /* Project object */ = {
			isa = PBXProject;
			attributes = {
				BuildIndependentTargetsInParallel = 1;
				LastSwiftUpdateCheck = 2630;
				LastUpgradeCheck = 2630;
				TargetAttributes = {
					922F58442F7D49AE004903D9 = {
						CreatedOnToolsVersion = 26.3;
					};
					922F585A2F7D49B1004903D9 = {
						CreatedOnToolsVersion = 26.3;
						TestTargetID = 922F58442F7D49AE004903D9;
					};
					922F58642F7D49B1004903D9 = {
						CreatedOnToolsVersion = 26.3;
						TestTargetID = 922F58442F7D49AE004903D9;
					};
				};
			};
			buildConfigurationList = 922F58402F7D49AE004903D9 /* Build configuration list for PBXProject "MapboxVelocity" */;
			developmentRegion = en;
			hasScannedForEncodings = 0;
			knownRegions = (
				en,
				Base,
			);
			mainGroup = 922F583C2F7D49AE004903D9;
			minimizedProjectReferenceProxies = 1;
			packageReferences = (
				92FACE832F7EBB5900D9A479 /* XCRemoteSwiftPackageReference "mapbox-maps-ios-binary" */,
			);
			preferredProjectObjectVersion = 77;
			productRefGroup = 922F58462F7D49AE004903D9 /* Products */;
			projectDirPath = "";
			projectRoot = "";
			targets = (
				922F58442F7D49AE004903D9 /* MapboxVelocity */,
				922F585A2F7D49B1004903D9 /* MapboxVelocityTests */,
				922F58642F7D49B1004903D9 /* MapboxVelocityUITests */,
			);
		};
/* End PBXProject section */

/* Begin PBXResourcesBuildPhase section */
		922F58432F7D49AE004903D9 /* Resources */ = {
			isa = PBXResourcesBuildPhase;
			buildActionMask = 2147483647;
			files = (
				92B0E1E72F9949C600AEF59D /* Secrets.xcconfig in Resources */,
			);
			runOnlyForDeploymentPostprocessing = 0;
		};
		922F58592F7D49B1004903D9 /* Resources */ = {
			isa = PBXResourcesBuildPhase;
			buildActionMask = 2147483647;
			files = (
			);
			runOnlyForDeploymentPostprocessing = 0;
		};
		922F58632F7D49B1004903D9 /* Resources */ = {
			isa = PBXResourcesBuildPhase;
			buildActionMask = 2147483647;
			files = (
			);
			runOnlyForDeploymentPostprocessing = 0;
		};
/* End PBXResourcesBuildPhase section */

/* Begin PBXShellScriptBuildPhase section */
		18583D2B0569EF2F385FAB9C /* [CP] Embed Pods Frameworks */ = {
			isa = PBXShellScriptBuildPhase;
			buildActionMask = 2147483647;
			files = (
			);
			inputFileListPaths = (
				"${PODS_ROOT}/Target Support Files/Pods-MapboxVelocity-MapboxVelocityUITests/Pods-MapboxVelocity-MapboxVelocityUITests-frameworks-${CONFIGURATION}-input-files.xcfilelist",
			);
			inputPaths = (
			);
			name = "[CP] Embed Pods Frameworks";
			outputFileListPaths = (
				"${PODS_ROOT}/Target Support Files/Pods-MapboxVelocity-MapboxVelocityUITests/Pods-MapboxVelocity-MapboxVelocityUITests-frameworks-${CONFIGURATION}-output-files.xcfilelist",
			);
			outputPaths = (
			);
			runOnlyForDeploymentPostprocessing = 0;
			shellPath = /bin/sh;
			shellScript = "\"${PODS_ROOT}/Target Support Files/Pods-MapboxVelocity-MapboxVelocityUITests/Pods-MapboxVelocity-MapboxVelocityUITests-frameworks.sh\"\n";
			showEnvVarsInLog = 0;
		};
		23718A343C0369F61520F9A2 /* [CP] Check Pods Manifest.lock */ = {
			isa = PBXShellScriptBuildPhase;
			buildActionMask = 2147483647;
			files = (
			);
			inputFileListPaths = (
			);
			inputPaths = (
				"${PODS_PODFILE_DIR_PATH}/Podfile.lock",
				"${PODS_ROOT}/Manifest.lock",
			);
			name = "[CP] Check Pods Manifest.lock";
			outputFileListPaths = (
			);
			outputPaths = (
				"$(DERIVED_FILE_DIR)/Pods-MapboxVelocity-checkManifestLockResult.txt",
			);
			runOnlyForDeploymentPostprocessing = 0;
			shellPath = /bin/sh;
			shellScript = "diff \"${PODS_PODFILE_DIR_PATH}/Podfile.lock\" \"${PODS_ROOT}/Manifest.lock\" > /dev/null\nif [ $? != 0 ] ; then\n    # print error to STDERR\n    echo \"error: The sandbox is not in sync with the Podfile.lock. Run 'pod install' or update your CocoaPods installation.\" >&2\n    exit 1\nfi\n# This output is used by Xcode 'outputs' to avoid re-running this script phase.\necho \"SUCCESS\" > \"${SCRIPT_OUTPUT_FILE_0}\"\n";
			showEnvVarsInLog = 0;
		};
		85791ACEDE021DCC55BB6503 /* [CP] Check Pods Manifest.lock */ = {
			isa = PBXShellScriptBuildPhase;
			buildActionMask = 2147483647;
			files = (
			);
			inputFileListPaths = (
			);
			inputPaths = (
				"${PODS_PODFILE_DIR_PATH}/Podfile.lock",
				"${PODS_ROOT}/Manifest.lock",
			);
			name = "[CP] Check Pods Manifest.lock";
			outputFileListPaths = (
			);
			outputPaths = (
				"$(DERIVED_FILE_DIR)/Pods-MapboxVelocityTests-checkManifestLockResult.txt",
			);
			runOnlyForDeploymentPostprocessing = 0;
			shellPath = /bin/sh;
			shellScript = "diff \"${PODS_PODFILE_DIR_PATH}/Podfile.lock\" \"${PODS_ROOT}/Manifest.lock\" > /dev/null\nif [ $? != 0 ] ; then\n    # print error to STDERR\n    echo \"error: The sandbox is not in sync with the Podfile.lock. Run 'pod install' or update your CocoaPods installation.\" >&2\n    exit 1\nfi\n# This output is used by Xcode 'outputs' to avoid re-running this script phase.\necho \"SUCCESS\" > \"${SCRIPT_OUTPUT_FILE_0}\"\n";
			showEnvVarsInLog = 0;
		};
		D38BDF7A5B5397135951A2BA /* [CP] Embed Pods Frameworks */ = {
			isa = PBXShellScriptBuildPhase;
			buildActionMask = 2147483647;
			files = (
			);
			inputFileListPaths = (
				"${PODS_ROOT}/Target Support Files/Pods-MapboxVelocity/Pods-MapboxVelocity-frameworks-${CONFIGURATION}-input-files.xcfilelist",
			);
			inputPaths = (
			);
			name = "[CP] Embed Pods Frameworks";
			outputFileListPaths = (
				"${PODS_ROOT}/Target Support Files/Pods-MapboxVelocity/Pods-MapboxVelocity-frameworks-${CONFIGURATION}-output-files.xcfilelist",
			);
			outputPaths = (
			);
			runOnlyForDeploymentPostprocessing = 0;
			shellPath = /bin/sh;
			shellScript = "\"${PODS_ROOT}/Target Support Files/Pods-MapboxVelocity/Pods-MapboxVelocity-frameworks.sh\"\n";
			showEnvVarsInLog = 0;
		};
		F7FECC1EBE322EB671116573 /* [CP] Check Pods Manifest.lock */ = {
			isa = PBXShellScriptBuildPhase;
			buildActionMask = 2147483647;
			files = (
			);
			inputFileListPaths = (
			);
			inputPaths = (
				"${PODS_PODFILE_DIR_PATH}/Podfile.lock",
				"${PODS_ROOT}/Manifest.lock",
			);
			name = "[CP] Check Pods Manifest.lock";
			outputFileListPaths = (
			);
			outputPaths = (
				"$(DERIVED_FILE_DIR)/Pods-MapboxVelocity-MapboxVelocityUITests-checkManifestLockResult.txt",
			);
			runOnlyForDeploymentPostprocessing = 0;
			shellPath = /bin/sh;
			shellScript = "diff \"${PODS_PODFILE_DIR_PATH}/Podfile.lock\" \"${PODS_ROOT}/Manifest.lock\" > /dev/null\nif [ $? != 0 ] ; then\n    # print error to STDERR\n    echo \"error: The sandbox is not in sync with the Podfile.lock. Run 'pod install' or update your CocoaPods installation.\" >&2\n    exit 1\nfi\n# This output is used by Xcode 'outputs' to avoid re-running this script phase.\necho \"SUCCESS\" > \"${SCRIPT_OUTPUT_FILE_0}\"\n";
			showEnvVarsInLog = 0;
		};
/* End PBXShellScriptBuildPhase section */

/* Begin PBXSourcesBuildPhase section */
		922F58412F7D49AE004903D9 /* Sources */ = {
			isa = PBXSourcesBuildPhase;
			buildActionMask = 2147483647;
			files = (
			);
			runOnlyForDeploymentPostprocessing = 0;
		};
		922F58572F7D49B1004903D9 /* Sources */ = {
			isa = PBXSourcesBuildPhase;
			buildActionMask = 2147483647;
			files = (
			);
			runOnlyForDeploymentPostprocessing = 0;
		};
		922F58612F7D49B1004903D9 /* Sources */ = {
			isa = PBXSourcesBuildPhase;
			buildActionMask = 2147483647;
			files = (
			);
			runOnlyForDeploymentPostprocessing = 0;
		};
/* End PBXSourcesBuildPhase section */

/* Begin PBXTargetDependency section */
		922F585D2F7D49B1004903D9 /* PBXTargetDependency */ = {
			isa = PBXTargetDependency;
			target = 922F58442F7D49AE004903D9 /* MapboxVelocity */;
			targetProxy = 922F585C2F7D49B1004903D9 /* PBXContainerItemProxy */;
		};
		922F58672F7D49B1004903D9 /* PBXTargetDependency */ = {
			isa = PBXTargetDependency;
			target = 922F58442F7D49AE004903D9 /* MapboxVelocity */;
			targetProxy = 922F58662F7D49B1004903D9 /* PBXContainerItemProxy */;
		};
/* End PBXTargetDependency section */

/* Begin XCBuildConfiguration section */
		922F586F2F7D49B2004903D9 /* Debug */ = {
			isa = XCBuildConfiguration;
			baseConfigurationReference = 7A21720C639A630C26288458 /* Pods-MapboxVelocity.debug.xcconfig */;
			buildSettings = {
				ASSETCATALOG_COMPILER_APPICON_NAME = AppIcon;
				ASSETCATALOG_COMPILER_GLOBAL_ACCENT_COLOR_NAME = AccentColor;
				CODE_SIGN_STYLE = Automatic;
				CURRENT_PROJECT_VERSION = 1;
				DEVELOPMENT_TEAM = T3CB6D9Z7R;
				ENABLE_USER_SCRIPT_SANDBOXING = NO;
				GENERATE_INFOPLIST_FILE = YES;
				INFOPLIST_FILE = MapboxVelocity/Resources/Info.plist;
				INFOPLIST_KEY_UIApplicationSupportsIndirectInputEvents = YES;
				INFOPLIST_KEY_UILaunchStoryboardName = LaunchScreen;
				INFOPLIST_KEY_UIMainStoryboardFile = Main;
				INFOPLIST_KEY_UISupportedInterfaceOrientations_iPad = "UIInterfaceOrientationPortrait UIInterfaceOrientationPortraitUpsideDown UIInterfaceOrientationLandscapeLeft UIInterfaceOrientationLandscapeRight";
				INFOPLIST_KEY_UISupportedInterfaceOrientations_iPhone = "UIInterfaceOrientationPortrait UIInterfaceOrientationLandscapeLeft UIInterfaceOrientationLandscapeRight";
				IPHONEOS_DEPLOYMENT_TARGET = 16.6;
				LD_RUNPATH_SEARCH_PATHS = (
					"$(inherited)",
					"@executable_path/Frameworks",
				);
				MARKETING_VERSION = 1.0;
				PRODUCT_BUNDLE_IDENTIFIER = com.sadid.MapboxVelocity;
				PRODUCT_NAME = "$(TARGET_NAME)";
				STRING_CATALOG_GENERATE_SYMBOLS = YES;
				SWIFT_APPROACHABLE_CONCURRENCY = YES;
				SWIFT_DEFAULT_ACTOR_ISOLATION = MainActor;
				SWIFT_EMIT_LOC_STRINGS = YES;
				SWIFT_UPCOMING_FEATURE_MEMBER_IMPORT_VISIBILITY = YES;
				SWIFT_VERSION = 5.0;
				TARGETED_DEVICE_FAMILY = "1,2";
			};
			name = Debug;
		};
		922F58702F7D49B2004903D9 /* Release */ = {
			isa = XCBuildConfiguration;
			baseConfigurationReference = BF96C33E8265215E486F5F4B /* Pods-MapboxVelocity.release.xcconfig */;
			buildSettings = {
				ASSETCATALOG_COMPILER_APPICON_NAME = AppIcon;
				ASSETCATALOG_COMPILER_GLOBAL_ACCENT_COLOR_NAME = AccentColor;
				CODE_SIGN_STYLE = Automatic;
				CURRENT_PROJECT_VERSION = 1;
				DEVELOPMENT_TEAM = T3CB6D9Z7R;
				ENABLE_USER_SCRIPT_SANDBOXING = NO;
				GENERATE_INFOPLIST_FILE = YES;
				INFOPLIST_FILE = MapboxVelocity/Resources/Info.plist;
				INFOPLIST_KEY_UIApplicationSupportsIndirectInputEvents = YES;
				INFOPLIST_KEY_UILaunchStoryboardName = LaunchScreen;
				INFOPLIST_KEY_UIMainStoryboardFile = Main;
				INFOPLIST_KEY_UISupportedInterfaceOrientations_iPad = "UIInterfaceOrientationPortrait UIInterfaceOrientationPortraitUpsideDown UIInterfaceOrientationLandscapeLeft UIInterfaceOrientationLandscapeRight";
				INFOPLIST_KEY_UISupportedInterfaceOrientations_iPhone = "UIInterfaceOrientationPortrait UIInterfaceOrientationLandscapeLeft UIInterfaceOrientationLandscapeRight";
				IPHONEOS_DEPLOYMENT_TARGET = 16.6;
				LD_RUNPATH_SEARCH_PATHS = (
					"$(inherited)",
					"@executable_path/Frameworks",
				);
				MARKETING_VERSION = 1.0;
				PRODUCT_BUNDLE_IDENTIFIER = com.sadid.MapboxVelocity;
				PRODUCT_NAME = "$(TARGET_NAME)";
				STRING_CATALOG_GENERATE_SYMBOLS = YES;
				SWIFT_APPROACHABLE_CONCURRENCY = YES;
				SWIFT_DEFAULT_ACTOR_ISOLATION = MainActor;
				SWIFT_EMIT_LOC_STRINGS = YES;
				SWIFT_UPCOMING_FEATURE_MEMBER_IMPORT_VISIBILITY = YES;
				SWIFT_VERSION = 5.0;
				TARGETED_DEVICE_FAMILY = "1,2";
			};
			name = Release;
		};
		922F58712F7D49B2004903D9 /* Debug */ = {
			isa = XCBuildConfiguration;
			baseConfigurationReference = 92B0E1E62F9949C600AEF59D /* Secrets.xcconfig */;
			buildSettings = {
				ALWAYS_SEARCH_USER_PATHS = NO;
				ASSETCATALOG_COMPILER_GENERATE_SWIFT_ASSET_SYMBOL_EXTENSIONS = YES;
				CLANG_ANALYZER_NONNULL = YES;
				CLANG_ANALYZER_NUMBER_OBJECT_CONVERSION = YES_AGGRESSIVE;
				CLANG_CXX_LANGUAGE_STANDARD = "gnu++20";
				CLANG_ENABLE_MODULES = YES;
				CLANG_ENABLE_OBJC_ARC = YES;
				CLANG_ENABLE_OBJC_WEAK = YES;
				CLANG_WARN_BLOCK_CAPTURE_AUTORELEASING = YES;
				CLANG_WARN_BOOL_CONVERSION = YES;
				CLANG_WARN_COMMA = YES;
				CLANG_WARN_CONSTANT_CONVERSION = YES;
				CLANG_WARN_DEPRECATED_OBJC_IMPLEMENTATIONS = YES;
				CLANG_WARN_DIRECT_OBJC_ISA_USAGE = YES_ERROR;
				CLANG_WARN_DOCUMENTATION_COMMENTS = YES;
				CLANG_WARN_EMPTY_BODY = YES;
				CLANG_WARN_ENUM_CONVERSION = YES;
				CLANG_WARN_INFINITE_RECURSION = YES;
				CLANG_WARN_INT_CONVERSION = YES;
				CLANG_WARN_NON_LITERAL_NULL_CONVERSION = YES;
				CLANG_WARN_OBJC_IMPLICIT_RETAIN_SELF = YES;
				CLANG_WARN_OBJC_LITERAL_CONVERSION = YES;
				CLANG_WARN_OBJC_ROOT_CLASS = YES_ERROR;
				CLANG_WARN_QUOTED_INCLUDE_IN_FRAMEWORK_HEADER = YES;
				CLANG_WARN_RANGE_LOOP_ANALYSIS = YES;
				CLANG_WARN_STRICT_PROTOTYPES = YES;
				CLANG_WARN_SUSPICIOUS_MOVE = YES;
				CLANG_WARN_UNGUARDED_AVAILABILITY = YES_AGGRESSIVE;
				CLANG_WARN_UNREACHABLE_CODE = YES;
				CLANG_WARN__DUPLICATE_METHOD_MATCH = YES;
				COPY_PHASE_STRIP = NO;
				DEBUG_INFORMATION_FORMAT = dwarf;
				DEVELOPMENT_TEAM = T3CB6D9Z7R;
				ENABLE_STRICT_OBJC_MSGSEND = YES;
				ENABLE_TESTABILITY = YES;
				ENABLE_USER_SCRIPT_SANDBOXING = YES;
				GCC_C_LANGUAGE_STANDARD = gnu17;
				GCC_DYNAMIC_NO_PIC = NO;
				GCC_NO_COMMON_BLOCKS = YES;
				GCC_OPTIMIZATION_LEVEL = 0;
				GCC_PREPROCESSOR_DEFINITIONS = (
					"DEBUG=1",
					"$(inherited)",
				);
				GCC_WARN_64_TO_32_BIT_CONVERSION = YES;
				GCC_WARN_ABOUT_RETURN_TYPE = YES_ERROR;
				GCC_WARN_UNDECLARED_SELECTOR = YES;
				GCC_WARN_UNINITIALIZED_AUTOS = YES_AGGRESSIVE;
				GCC_WARN_UNUSED_FUNCTION = YES;
				GCC_WARN_UNUSED_VARIABLE = YES;
				INFOPLIST_FILE = MapboxVelocity/Resources/Info.plist;
				IPHONEOS_DEPLOYMENT_TARGET = 26.2;
				LOCALIZATION_PREFERS_STRING_CATALOGS = YES;
				MTL_ENABLE_DEBUG_INFO = INCLUDE_SOURCE;
				MTL_FAST_MATH = YES;
				ONLY_ACTIVE_ARCH = YES;
				SDKROOT = iphoneos;
				SWIFT_ACTIVE_COMPILATION_CONDITIONS = "DEBUG $(inherited)";
				SWIFT_OPTIMIZATION_LEVEL = "-Onone";
			};
			name = Debug;
		};
		922F58722F7D49B2004903D9 /* Release */ = {
			isa = XCBuildConfiguration;
			baseConfigurationReference = 92B0E1E62F9949C600AEF59D /* Secrets.xcconfig */;
			buildSettings = {
				ALWAYS_SEARCH_USER_PATHS = NO;
				ASSETCATALOG_COMPILER_GENERATE_SWIFT_ASSET_SYMBOL_EXTENSIONS = YES;
				CLANG_ANALYZER_NONNULL = YES;
				CLANG_ANALYZER_NUMBER_OBJECT_CONVERSION = YES_AGGRESSIVE;
				CLANG_CXX_LANGUAGE_STANDARD = "gnu++20";
				CLANG_ENABLE_MODULES = YES;
				CLANG_ENABLE_OBJC_ARC = YES;
				CLANG_ENABLE_OBJC_WEAK = YES;
				CLANG_WARN_BLOCK_CAPTURE_AUTORELEASING = YES;
				CLANG_WARN_BOOL_CONVERSION = YES;
				CLANG_WARN_COMMA = YES;
				CLANG_WARN_CONSTANT_CONVERSION = YES;
				CLANG_WARN_DEPRECATED_OBJC_IMPLEMENTATIONS = YES;
				CLANG_WARN_DIRECT_OBJC_ISA_USAGE = YES_ERROR;
				CLANG_WARN_DOCUMENTATION_COMMENTS = YES;
				CLANG_WARN_EMPTY_BODY = YES;
				CLANG_WARN_ENUM_CONVERSION = YES;
				CLANG_WARN_INFINITE_RECURSION = YES;
				CLANG_WARN_INT_CONVERSION = YES;
				CLANG_WARN_NON_LITERAL_NULL_CONVERSION = YES;
				CLANG_WARN_OBJC_IMPLICIT_RETAIN_SELF = YES;
				CLANG_WARN_OBJC_LITERAL_CONVERSION = YES;
				CLANG_WARN_OBJC_ROOT_CLASS = YES_ERROR;
				CLANG_WARN_QUOTED_INCLUDE_IN_FRAMEWORK_HEADER = YES;
				CLANG_WARN_RANGE_LOOP_ANALYSIS = YES;
				CLANG_WARN_STRICT_PROTOTYPES = YES;
				CLANG_WARN_SUSPICIOUS_MOVE = YES;
				CLANG_WARN_UNGUARDED_AVAILABILITY = YES_AGGRESSIVE;
				CLANG_WARN_UNREACHABLE_CODE = YES;
				CLANG_WARN__DUPLICATE_METHOD_MATCH = YES;
				COPY_PHASE_STRIP = NO;
				DEBUG_INFORMATION_FORMAT = "dwarf-with-dsym";
				DEVELOPMENT_TEAM = T3CB6D9Z7R;
				ENABLE_NS_ASSERTIONS = NO;
				ENABLE_STRICT_OBJC_MSGSEND = YES;
				ENABLE_USER_SCRIPT_SANDBOXING = YES;
				GCC_C_LANGUAGE_STANDARD = gnu17;
				GCC_NO_COMMON_BLOCKS = YES;
				GCC_WARN_64_TO_32_BIT_CONVERSION = YES;
				GCC_WARN_ABOUT_RETURN_TYPE = YES_ERROR;
				GCC_WARN_UNDECLARED_SELECTOR = YES;
				GCC_WARN_UNINITIALIZED_AUTOS = YES_AGGRESSIVE;
				GCC_WARN_UNUSED_FUNCTION = YES;
				GCC_WARN_UNUSED_VARIABLE = YES;
				INFOPLIST_FILE = MapboxVelocity/Resources/Info.plist;
				IPHONEOS_DEPLOYMENT_TARGET = 26.2;
				LOCALIZATION_PREFERS_STRING_CATALOGS = YES;
				MTL_ENABLE_DEBUG_INFO = NO;
				MTL_FAST_MATH = YES;
				SDKROOT = iphoneos;
				SWIFT_COMPILATION_MODE = wholemodule;
				VALIDATE_PRODUCT = YES;
			};
			name = Release;
		};
		922F58742F7D49B2004903D9 /* Debug */ = {
			isa = XCBuildConfiguration;
			baseConfigurationReference = 8D0D70EBC8EFDC841A16E82A /* Pods-MapboxVelocityTests.debug.xcconfig */;
			buildSettings = {
				BUNDLE_LOADER = "$(TEST_HOST)";
				CODE_SIGN_STYLE = Automatic;
				CURRENT_PROJECT_VERSION = 1;
				DEVELOPMENT_TEAM = T3CB6D9Z7R;
				GENERATE_INFOPLIST_FILE = YES;
				IPHONEOS_DEPLOYMENT_TARGET = 26.2;
				MARKETING_VERSION = 1.0;
				PRODUCT_BUNDLE_IDENTIFIER = com.sadid.MapboxVelocityTests;
				PRODUCT_NAME = "$(TARGET_NAME)";
				STRING_CATALOG_GENERATE_SYMBOLS = NO;
				SWIFT_APPROACHABLE_CONCURRENCY = YES;
				SWIFT_EMIT_LOC_STRINGS = NO;
				SWIFT_UPCOMING_FEATURE_MEMBER_IMPORT_VISIBILITY = YES;
				SWIFT_VERSION = 5.0;
				TARGETED_DEVICE_FAMILY = "1,2";
				TEST_HOST = "$(BUILT_PRODUCTS_DIR)/MapboxVelocity.app/$(BUNDLE_EXECUTABLE_FOLDER_PATH)/MapboxVelocity";
			};
			name = Debug;
		};
		922F58752F7D49B2004903D9 /* Release */ = {
			isa = XCBuildConfiguration;
			baseConfigurationReference = 1CE6606EA7D69F2507187939 /* Pods-MapboxVelocityTests.release.xcconfig */;
			buildSettings = {
				BUNDLE_LOADER = "$(TEST_HOST)";
				CODE_SIGN_STYLE = Automatic;
				CURRENT_PROJECT_VERSION = 1;
				DEVELOPMENT_TEAM = T3CB6D9Z7R;
				GENERATE_INFOPLIST_FILE = YES;
				IPHONEOS_DEPLOYMENT_TARGET = 26.2;
				MARKETING_VERSION = 1.0;
				PRODUCT_BUNDLE_IDENTIFIER = com.sadid.MapboxVelocityTests;
				PRODUCT_NAME = "$(TARGET_NAME)";
				STRING_CATALOG_GENERATE_SYMBOLS = NO;
				SWIFT_APPROACHABLE_CONCURRENCY = YES;
				SWIFT_EMIT_LOC_STRINGS = NO;
				SWIFT_UPCOMING_FEATURE_MEMBER_IMPORT_VISIBILITY = YES;
				SWIFT_VERSION = 5.0;
				TARGETED_DEVICE_FAMILY = "1,2";
				TEST_HOST = "$(BUILT_PRODUCTS_DIR)/MapboxVelocity.app/$(BUNDLE_EXECUTABLE_FOLDER_PATH)/MapboxVelocity";
			};
			name = Release;
		};
		922F58772F7D49B2004903D9 /* Debug */ = {
			isa = XCBuildConfiguration;
			baseConfigurationReference = 222F1FF9657A67B5F36481A8 /* Pods-MapboxVelocity-MapboxVelocityUITests.debug.xcconfig */;
			buildSettings = {
				CODE_SIGN_STYLE = Automatic;
				CURRENT_PROJECT_VERSION = 1;
				DEVELOPMENT_TEAM = T3CB6D9Z7R;
				GENERATE_INFOPLIST_FILE = YES;
				MARKETING_VERSION = 1.0;
				PRODUCT_BUNDLE_IDENTIFIER = com.sadid.MapboxVelocityUITests;
				PRODUCT_NAME = "$(TARGET_NAME)";
				STRING_CATALOG_GENERATE_SYMBOLS = NO;
				SWIFT_APPROACHABLE_CONCURRENCY = YES;
				SWIFT_EMIT_LOC_STRINGS = NO;
				SWIFT_UPCOMING_FEATURE_MEMBER_IMPORT_VISIBILITY = YES;
				SWIFT_VERSION = 5.0;
				TARGETED_DEVICE_FAMILY = "1,2";
				TEST_TARGET_NAME = MapboxVelocity;
			};
			name = Debug;
		};
		922F58782F7D49B2004903D9 /* Release */ = {
			isa = XCBuildConfiguration;
			baseConfigurationReference = CA09D70762480900C1A394CE /* Pods-MapboxVelocity-MapboxVelocityUITests.release.xcconfig */;
			buildSettings = {
				CODE_SIGN_STYLE = Automatic;
				CURRENT_PROJECT_VERSION = 1;
				DEVELOPMENT_TEAM = T3CB6D9Z7R;
				GENERATE_INFOPLIST_FILE = YES;
				MARKETING_VERSION = 1.0;
				PRODUCT_BUNDLE_IDENTIFIER = com.sadid.MapboxVelocityUITests;
				PRODUCT_NAME = "$(TARGET_NAME)";
				STRING_CATALOG_GENERATE_SYMBOLS = NO;
				SWIFT_APPROACHABLE_CONCURRENCY = YES;
				SWIFT_EMIT_LOC_STRINGS = NO;
				SWIFT_UPCOMING_FEATURE_MEMBER_IMPORT_VISIBILITY = YES;
				SWIFT_VERSION = 5.0;
				TARGETED_DEVICE_FAMILY = "1,2";
				TEST_TARGET_NAME = MapboxVelocity;
			};
			name = Release;
		};
/* End XCBuildConfiguration section */

/* Begin XCConfigurationList section */
		922F58402F7D49AE004903D9 /* Build configuration list for PBXProject "MapboxVelocity" */ = {
			isa = XCConfigurationList;
			buildConfigurations = (
				922F58712F7D49B2004903D9 /* Debug */,
				922F58722F7D49B2004903D9 /* Release */,
			);
			defaultConfigurationIsVisible = 0;
			defaultConfigurationName = Release;
		};
		922F586E2F7D49B2004903D9 /* Build configuration list for PBXNativeTarget "MapboxVelocity" */ = {
			isa = XCConfigurationList;
			buildConfigurations = (
				922F586F2F7D49B2004903D9 /* Debug */,
				922F58702F7D49B2004903D9 /* Release */,
			);
			defaultConfigurationIsVisible = 0;
			defaultConfigurationName = Release;
		};
		922F58732F7D49B2004903D9 /* Build configuration list for PBXNativeTarget "MapboxVelocityTests" */ = {
			isa = XCConfigurationList;
			buildConfigurations = (
				922F58742F7D49B2004903D9 /* Debug */,
				922F58752F7D49B2004903D9 /* Release */,
			);
			defaultConfigurationIsVisible = 0;
			defaultConfigurationName = Release;
		};
		922F58762F7D49B2004903D9 /* Build configuration list for PBXNativeTarget "MapboxVelocityUITests" */ = {
			isa = XCConfigurationList;
			buildConfigurations = (
				922F58772F7D49B2004903D9 /* Debug */,
				922F58782F7D49B2004903D9 /* Release */,
			);
			defaultConfigurationIsVisible = 0;
			defaultConfigurationName = Release;
		};
/* End XCConfigurationList section */

/* Begin XCRemoteSwiftPackageReference section */
		92FACE832F7EBB5900D9A479 /* XCRemoteSwiftPackageReference "mapbox-maps-ios-binary" */ = {
			isa = XCRemoteSwiftPackageReference;
			repositoryURL = "https://github.com/mapbox/mapbox-maps-ios-binary.git";
			requirement = {
				kind = upToNextMajorVersion;
				minimumVersion = 1.0.0;
			};
		};
/* End XCRemoteSwiftPackageReference section */
	};
	rootObject = 922F583D2F7D49AE004903D9 /* Project object */;
}
